
Microsoft Visual Studio Solution File, Format Version 12.00
# Visual Studio Version 17
VisualStudioVersion = 17.14.36518.9 d17.14
MinimumVisualStudioVersion = 10.0.40219.1
Project("{FAE04EC0-301F-11D3-BF4B-00C04F79EFBC}") = "DemoBrazoRobotico", "DemoBrazoRobotico\DemoBrazoRobotico.csproj", "{0C33DA93-9D80-4EFE-A2D5-FB4F8FBAFB1F}"
EndProject
Global
	GlobalSection(SolutionConfigurationPlatforms) = preSolution
		Debug|Any CPU = Debug|Any CPU
		Release|Any CPU = Release|Any CPU
	EndGlobalSection
	GlobalSection(ProjectConfigurationPlatforms) = postSolution
		{0C33DA93-9D80-4EFE-A2D5-FB4F8FBAFB1F}.Debug|Any CPU.ActiveCfg = Debug|Any CPU
		{0C33DA93-9D80-4EFE-A2D5-FB4F8FBAFB1F}.Debug|Any CPU.Build.0 = Debug|Any CPU
		{0C33DA93-9D80-4EFE-A2D5-FB4F8FBAFB1F}.Release|Any CPU.ActiveCfg = Release|Any CPU
		{0C33DA93-9D80-4EFE-A2D5-FB4F8FBAFB1F}.Release|Any CPU.Build.0 = Release|Any CPU
	EndGlobalSection
	GlobalSection(SolutionProperties) = preSolution
		HideSolutionNode = FALSE
	EndGlobalSection
	GlobalSection(ExtensibilityGlobals) = postSolution
		SolutionGuid = {C937DD31-9378-4CE9-9A6E-E40326D59DDC}
	EndGlobalSection
EndGlobal
